
Microsoft Visual Studio Solution File, Format Version 12.00
# Visual Studio Version 17
VisualStudioVersion = 17.13.35931.197 d17.13
MinimumVisualStudioVersion = 10.0.40219.1
Project("{FAE04EC0-301F-11D3-BF4B-00C04F79EFBC}") = "iota-sdk", "iota-sdk.csproj", "{00582775-569B-4769-8DA2-3FC60D223231}"
EndProject
Project("{FAE04EC0-301F-11D3-BF4B-00C04F79EFBC}") = "iota-sdk-tests", "..\iota-sdk-tests\iota-sdk-tests.csproj", "{C3E744B6-509D-48FB-B144-F8276189BAE6}"
EndProject
Global
	GlobalSection(SolutionConfigurationPlatforms) = preSolution
		Debug|Any CPU = Debug|Any CPU
		Release|Any CPU = Release|Any CPU
	EndGlobalSection
	GlobalSection(ProjectConfigurationPlatforms) = postSolution
		{00582775-569B-4769-8DA2-3FC60D223231}.Debug|Any CPU.ActiveCfg = Debug|Any CPU
		{00582775-569B-4769-8DA2-3FC60D223231}.Debug|Any CPU.Build.0 = Debug|Any CPU
		{00582775-569B-4769-8DA2-3FC60D223231}.Release|Any CPU.ActiveCfg = Release|Any CPU
		{00582775-569B-4769-8DA2-3FC60D223231}.Release|Any CPU.Build.0 = Release|Any CPU
		{C3E744B6-509D-48FB-B144-F8276189BAE6}.Debug|Any CPU.ActiveCfg = Debug|Any CPU
		{C3E744B6-509D-48FB-B144-F8276189BAE6}.Debug|Any CPU.Build.0 = Debug|Any CPU
		{C3E744B6-509D-48FB-B144-F8276189BAE6}.Release|Any CPU.ActiveCfg = Release|Any CPU
		{C3E744B6-509D-48FB-B144-F8276189BAE6}.Release|Any CPU.Build.0 = Release|Any CPU
	EndGlobalSection
	GlobalSection(SolutionProperties) = preSolution
		HideSolutionNode = FALSE
	EndGlobalSection
	GlobalSection(ExtensibilityGlobals) = postSolution
		SolutionGuid = {5125BA22-340D-4BDA-83F4-842FC1163210}
	EndGlobalSection
EndGlobal
